// !$*UTF8*$!
{
	archiveVersion = 1;
	classes = {
	};
	objectVersion = 56;
	objects = {

/* Begin PBXBuildFile section */
		068644B429EB4E0B00009B0E /* WorkView.swift in Sources */ = {isa = PBXBuildFile; fileRef = 068644B329EB4E0B00009B0E /* WorkView.swift */; };
		06A1E00929CED12E00699324 /* DateHolder.swift in Sources */ = {isa = PBXBuildFile; fileRef = 06A1E00829CED12E00699324 /* DateHolder.swift */; };
		06C1B00429CF6B26004B187C /* TaskViewCell.swift in Sources */ = {isa = PBXBuildFile; fileRef = 06C1B00329CF6B26004B187C /* TaskViewCell.swift */; };
		06C1B00629CF6BF5004B187C /* CheckBox.swift in Sources */ = {isa = PBXBuildFile; fileRef = 06C1B00529CF6BF5004B187C /* CheckBox.swift */; };
		06C1B00929CF6CB9004B187C /* TaskItemModel.swift in Sources */ = {isa = PBXBuildFile; fileRef = 06C1B00829CF6CB9004B187C /* TaskItemModel.swift */; };
		06C1B00B29CF79A8004B187C /* BottomSheetView.swift in Sources */ = {isa = PBXBuildFile; fileRef = 06C1B00A29CF79A8004B187C /* BottomSheetView.swift */; };
		06C1B00D29CFB839004B187C /* ToDoView.swift in Sources */ = {isa = PBXBuildFile; fileRef = 06C1B00C29CFB839004B187C /* ToDoView.swift */; };
		06C1B01329D01AD1004B187C /* TodayTaskView.swift in Sources */ = {isa = PBXBuildFile; fileRef = 06C1B01229D01AD1004B187C /* TodayTaskView.swift */; };
		06C1B01529D02C92004B187C /* ScheduleTaskView.swift in Sources */ = {isa = PBXBuildFile; fileRef = 06C1B01429D02C92004B187C /* ScheduleTaskView.swift */; };
		06C1B01729D02E36004B187C /* OverdueView.swift in Sources */ = {isa = PBXBuildFile; fileRef = 06C1B01629D02E36004B187C /* OverdueView.swift */; };
		06D84B0929CEC5F600634554 /* PlanPerfectApp.swift in Sources */ = {isa = PBXBuildFile; fileRef = 06D84B0829CEC5F600634554 /* PlanPerfectApp.swift */; };
		06D84B0B29CEC5F600634554 /* ContentView.swift in Sources */ = {isa = PBXBuildFile; fileRef = 06D84B0A29CEC5F600634554 /* ContentView.swift */; };
		06D84B0D29CEC5F800634554 /* Assets.xcassets in Resources */ = {isa = PBXBuildFile; fileRef = 06D84B0C29CEC5F800634554 /* Assets.xcassets */; };
		06D84B1029CEC5F800634554 /* Preview Assets.xcassets in Resources */ = {isa = PBXBuildFile; fileRef = 06D84B0F29CEC5F800634554 /* Preview Assets.xcassets */; };
		06D84B1229CEC5F800634554 /* Persistence.swift in Sources */ = {isa = PBXBuildFile; fileRef = 06D84B1129CEC5F800634554 /* Persistence.swift */; };
		06D84B1529CEC5F800634554 /* PlanPerfect.xcdatamodeld in Sources */ = {isa = PBXBuildFile; fileRef = 06D84B1329CEC5F800634554 /* PlanPerfect.xcdatamodeld */; };
		06D84B1C29CEC72300634554 /* ViewAllTasks.swift in Sources */ = {isa = PBXBuildFile; fileRef = 06D84B1B29CEC72300634554 /* ViewAllTasks.swift */; };
/* End PBXBuildFile section */

/* Begin PBXFileReference section */
		068644B329EB4E0B00009B0E /* WorkView.swift */ = {isa = PBXFileReference; lastKnownFileType = sourcecode.swift; path = WorkView.swift; sourceTree = "<group>"; };
		06A1E00829CED12E00699324 /* DateHolder.swift */ = {isa = PBXFileReference; lastKnownFileType = sourcecode.swift; path = DateHolder.swift; sourceTree = "<group>"; };
		06C1B00329CF6B26004B187C /* TaskViewCell.swift */ = {isa = PBXFileReference; lastKnownFileType = sourcecode.swift; path = TaskViewCell.swift; sourceTree = "<group>"; };
		06C1B00529CF6BF5004B187C /* CheckBox.swift */ = {isa = PBXFileReference; lastKnownFileType = sourcecode.swift; path = CheckBox.swift; sourceTree = "<group>"; };
		06C1B00829CF6CB9004B187C /* TaskItemModel.swift */ = {isa = PBXFileReference; lastKnownFileType = sourcecode.swift; path = TaskItemModel.swift; sourceTree = "<group>"; };
		06C1B00A29CF79A8004B187C /* BottomSheetView.swift */ = {isa = PBXFileReference; lastKnownFileType = sourcecode.swift; path = BottomSheetView.swift; sourceTree = "<group>"; };
		06C1B00C29CFB839004B187C /* ToDoView.swift */ = {isa = PBXFileReference; lastKnownFileType = sourcecode.swift; path = ToDoView.swift; sourceTree = "<group>"; };
		06C1B01229D01AD1004B187C /* TodayTaskView.swift */ = {isa = PBXFileReference; lastKnownFileType = sourcecode.swift; path = TodayTaskView.swift; sourceTree = "<group>"; };
		06C1B01429D02C92004B187C /* ScheduleTaskView.swift */ = {isa = PBXFileReference; lastKnownFileType = sourcecode.swift; path = ScheduleTaskView.swift; sourceTree = "<group>"; };
		06C1B01629D02E36004B187C /* OverdueView.swift */ = {isa = PBXFileReference; lastKnownFileType = sourcecode.swift; path = OverdueView.swift; sourceTree = "<group>"; };
		06D84B0529CEC5F600634554 /* PlanPerfect.app */ = {isa = PBXFileReference; explicitFileType = wrapper.application; includeInIndex = 0; path = PlanPerfect.app; sourceTree = BUILT_PRODUCTS_DIR; };
		06D84B0829CEC5F600634554 /* PlanPerfectApp.swift */ = {isa = PBXFileReference; lastKnownFileType = sourcecode.swift; path = PlanPerfectApp.swift; sourceTree = "<group>"; };
		06D84B0A29CEC5F600634554 /* ContentView.swift */ = {isa = PBXFileReference; lastKnownFileType = sourcecode.swift; path = ContentView.swift; sourceTree = "<group>"; };
		06D84B0C29CEC5F800634554 /* Assets.xcassets */ = {isa = PBXFileReference; lastKnownFileType = folder.assetcatalog; path = Assets.xcassets; sourceTree = "<group>"; };
		06D84B0F29CEC5F800634554 /* Preview Assets.xcassets */ = {isa = PBXFileReference; lastKnownFileType = folder.assetcatalog; path = "Preview Assets.xcassets"; sourceTree = "<group>"; };
		06D84B1129CEC5F800634554 /* Persistence.swift */ = {isa = PBXFileReference; lastKnownFileType = sourcecode.swift; path = Persistence.swift; sourceTree = "<group>"; };
		06D84B1429CEC5F800634554 /* PlanPerfect.xcdatamodel */ = {isa = PBXFileReference; lastKnownFileType = wrapper.xcdatamodel; path = PlanPerfect.xcdatamodel; sourceTree = "<group>"; };
		06D84B1B29CEC72300634554 /* ViewAllTasks.swift */ = {isa = PBXFileReference; lastKnownFileType = sourcecode.swift; path = ViewAllTasks.swift; sourceTree = "<group>"; };
/* End PBXFileReference section */

/* Begin PBXFrameworksBuildPhase section */
		06D84B0229CEC5F600634554 /* Frameworks */ = {
			isa = PBXFrameworksBuildPhase;
			buildActionMask = 2147483647;
			files = (
			);
			runOnlyForDeploymentPostprocessing = 0;
		};
/* End PBXFrameworksBuildPhase section */

/* Begin PBXGroup section */
		06C1B00729CF6CA1004B187C /* Model */ = {
			isa = PBXGroup;
			children = (
				06C1B00829CF6CB9004B187C /* TaskItemModel.swift */,
			);
			path = Model;
			sourceTree = "<group>";
		};
		06D84AFC29CEC5F600634554 = {
			isa = PBXGroup;
			children = (
				06D84B0729CEC5F600634554 /* PlanPerfect */,
				06D84B0629CEC5F600634554 /* Products */,
			);
			sourceTree = "<group>";
		};
		06D84B0629CEC5F600634554 /* Products */ = {
			isa = PBXGroup;
			children = (
				06D84B0529CEC5F600634554 /* PlanPerfect.app */,
			);
			name = Products;
			sourceTree = "<group>";
		};
		06D84B0729CEC5F600634554 /* PlanPerfect */ = {
			isa = PBXGroup;
			children = (
				06C1B00729CF6CA1004B187C /* Model */,
				06D84B0829CEC5F600634554 /* PlanPerfectApp.swift */,
				06D84B0A29CEC5F600634554 /* ContentView.swift */,
				06D84B0C29CEC5F800634554 /* Assets.xcassets */,
				06D84B1129CEC5F800634554 /* Persistence.swift */,
				06D84B1329CEC5F800634554 /* PlanPerfect.xcdatamodeld */,
				06D84B0E29CEC5F800634554 /* Preview Content */,
				06D84B1B29CEC72300634554 /* ViewAllTasks.swift */,
				06A1E00829CED12E00699324 /* DateHolder.swift */,
				06C1B00329CF6B26004B187C /* TaskViewCell.swift */,
				06C1B00529CF6BF5004B187C /* CheckBox.swift */,
				06C1B00A29CF79A8004B187C /* BottomSheetView.swift */,
				06C1B00C29CFB839004B187C /* ToDoView.swift */,
				06C1B01229D01AD1004B187C /* TodayTaskView.swift */,
				06C1B01429D02C92004B187C /* ScheduleTaskView.swift */,
				06C1B01629D02E36004B187C /* OverdueView.swift */,
				068644B329EB4E0B00009B0E /* WorkView.swift */,
			);
			path = PlanPerfect;
			sourceTree = "<group>";
		};
		06D84B0E29CEC5F800634554 /* Preview Content */ = {
			isa = PBXGroup;
			children = (
				06D84B0F29CEC5F800634554 /* Preview Assets.xcassets */,
			);
			path = "Preview Content";
			sourceTree = "<group>";
		};
/* End PBXGroup section */

/* Begin PBXNativeTarget section */
		06D84B0429CEC5F600634554 /* PlanPerfect */ = {
			isa = PBXNativeTarget;
			buildConfigurationList = 06D84B1829CEC5F800634554 /* Build configuration list for PBXNativeTarget "PlanPerfect" */;
			buildPhases = (
				06D84B0129CEC5F600634554 /* Sources */,
				06D84B0229CEC5F600634554 /* Frameworks */,
				06D84B0329CEC5F600634554 /* Resources */,
			);
			buildRules = (
			);
			dependencies = (
			);
			name = PlanPerfect;
			productName = PlanPerfect;
			productReference = 06D84B0529CEC5F600634554 /* PlanPerfect.app */;
			productType = "com.apple.product-type.application";
		};
/* End PBXNativeTarget section */

/* Begin PBXProject section */
		06D84AFD29CEC5F600634554 /* Project object */ = {
			isa = PBXProject;
			attributes = {
				BuildIndependentTargetsInParallel = 1;
				LastSwiftUpdateCheck = 1420;
				LastUpgradeCheck = 1420;
				TargetAttributes = {
					06D84B0429CEC5F600634554 = {
						CreatedOnToolsVersion = 14.2;
					};
				};
			};
			buildConfigurationList = 06D84B0029CEC5F600634554 /* Build configuration list for PBXProject "PlanPerfect" */;
			compatibilityVersion = "Xcode 14.0";
			developmentRegion = en;
			hasScannedForEncodings = 0;
			knownRegions = (
				en,
				Base,
			);
			mainGroup = 06D84AFC29CEC5F600634554;
			productRefGroup = 06D84B0629CEC5F600634554 /* Products */;
			projectDirPath = "";
			projectRoot = "";
			targets = (
				06D84B0429CEC5F600634554 /* PlanPerfect */,
			);
		};
/* End PBXProject section */

/* Begin PBXResourcesBuildPhase section */
		06D84B0329CEC5F600634554 /* Resources */ = {
			isa = PBXResourcesBuildPhase;
			buildActionMask = 2147483647;
			files = (
				06D84B1029CEC5F800634554 /* Preview Assets.xcassets in Resources */,
				06D84B0D29CEC5F800634554 /* Assets.xcassets in Resources */,
			);
			runOnlyForDeploymentPostprocessing = 0;
		};
/* End PBXResourcesBuildPhase section */

/* Begin PBXSourcesBuildPhase section */
		06D84B0129CEC5F600634554 /* Sources */ = {
			isa = PBXSourcesBuildPhase;
			buildActionMask = 2147483647;
			files = (
				06C1B00D29CFB839004B187C /* ToDoView.swift in Sources */,
				06C1B00629CF6BF5004B187C /* CheckBox.swift in Sources */,
				06C1B00B29CF79A8004B187C /* BottomSheetView.swift in Sources */,
				06C1B01529D02C92004B187C /* ScheduleTaskView.swift in Sources */,
				06D84B1529CEC5F800634554 /* PlanPerfect.xcdatamodeld in Sources */,
				06C1B00429CF6B26004B187C /* TaskViewCell.swift in Sources */,
				06C1B01329D01AD1004B187C /* TodayTaskView.swift in Sources */,
				06A1E00929CED12E00699324 /* DateHolder.swift in Sources */,
				06D84B1C29CEC72300634554 /* ViewAllTasks.swift in Sources */,
				06C1B01729D02E36004B187C /* OverdueView.swift in Sources */,
				06D84B1229CEC5F800634554 /* Persistence.swift in Sources */,
				06C1B00929CF6CB9004B187C /* TaskItemModel.swift in Sources */,
				06D84B0B29CEC5F600634554 /* ContentView.swift in Sources */,
				068644B429EB4E0B00009B0E /* WorkView.swift in Sources */,
				06D84B0929CEC5F600634554 /* PlanPerfectApp.swift in Sources */,
			);
			runOnlyForDeploymentPostprocessing = 0;
		};
/* End PBXSourcesBuildPhase section */

/* Begin XCBuildConfiguration section */
		06D84B1629CEC5F800634554 /* Debug */ = {
			isa = XCBuildConfiguration;
			buildSettings = {
				ALWAYS_SEARCH_USER_PATHS = NO;
				CLANG_ANALYZER_NONNULL = YES;
				CLANG_ANALYZER_NUMBER_OBJECT_CONVERSION = YES_AGGRESSIVE;
				CLANG_CXX_LANGUAGE_STANDARD = "gnu++20";
				CLANG_ENABLE_MODULES = YES;
				CLANG_ENABLE_OBJC_ARC = YES;
				CLANG_ENABLE_OBJC_WEAK = YES;
				CLANG_WARN_BLOCK_CAPTURE_AUTORELEASING = YES;
				CLANG_WARN_BOOL_CONVERSION = YES;
				CLANG_WARN_COMMA = YES;
				CLANG_WARN_CONSTANT_CONVERSION = YES;
				CLANG_WARN_DEPRECATED_OBJC_IMPLEMENTATIONS = YES;
				CLANG_WARN_DIRECT_OBJC_ISA_USAGE = YES_ERROR;
				CLANG_WARN_DOCUMENTATION_COMMENTS = YES;
				CLANG_WARN_EMPTY_BODY = YES;
				CLANG_WARN_ENUM_CONVERSION = YES;
				CLANG_WARN_INFINITE_RECURSION = YES;
				CLANG_WARN_INT_CONVERSION = YES;
				CLANG_WARN_NON_LITERAL_NULL_CONVERSION = YES;
				CLANG_WARN_OBJC_IMPLICIT_RETAIN_SELF = YES;
				CLANG_WARN_OBJC_LITERAL_CONVERSION = YES;
				CLANG_WARN_OBJC_ROOT_CLASS = YES_ERROR;
				CLANG_WARN_QUOTED_INCLUDE_IN_FRAMEWORK_HEADER = YES;
				CLANG_WARN_RANGE_LOOP_ANALYSIS = YES;
				CLANG_WARN_STRICT_PROTOTYPES = YES;
				CLANG_WARN_SUSPICIOUS_MOVE = YES;
				CLANG_WARN_UNGUARDED_AVAILABILITY = YES_AGGRESSIVE;
				CLANG_WARN_UNREACHABLE_CODE = YES;
				CLANG_WARN__DUPLICATE_METHOD_MATCH = YES;
				COPY_PHASE_STRIP = NO;
				DEBUG_INFORMATION_FORMAT = dwarf;
				ENABLE_STRICT_OBJC_MSGSEND = YES;
				ENABLE_TESTABILITY = YES;
				GCC_C_LANGUAGE_STANDARD = gnu11;
				GCC_DYNAMIC_NO_PIC = NO;
				GCC_NO_COMMON_BLOCKS = YES;
				GCC_OPTIMIZATION_LEVEL = 0;
				GCC_PREPROCESSOR_DEFINITIONS = (
					"DEBUG=1",
					"$(inherited)",
				);
				GCC_WARN_64_TO_32_BIT_CONVERSION = YES;
				GCC_WARN_ABOUT_RETURN_TYPE = YES_ERROR;
				GCC_WARN_UNDECLARED_SELECTOR = YES;
				GCC_WARN_UNINITIALIZED_AUTOS = YES_AGGRESSIVE;
				GCC_WARN_UNUSED_FUNCTION = YES;
				GCC_WARN_UNUSED_VARIABLE = YES;
				IPHONEOS_DEPLOYMENT_TARGET = 16.2;
				MTL_ENABLE_DEBUG_INFO = INCLUDE_SOURCE;
				MTL_FAST_MATH = YES;
				ONLY_ACTIVE_ARCH = YES;
				SDKROOT = iphoneos;
				SWIFT_ACTIVE_COMPILATION_CONDITIONS = DEBUG;
				SWIFT_OPTIMIZATION_LEVEL = "-Onone";
			};
			name = Debug;
		};
		06D84B1729CEC5F800634554 /* Release */ = {
			isa = XCBuildConfiguration;
			buildSettings = {
				ALWAYS_SEARCH_USER_PATHS = NO;
				CLANG_ANALYZER_NONNULL = YES;
				CLANG_ANALYZER_NUMBER_OBJECT_CONVERSION = YES_AGGRESSIVE;
				CLANG_CXX_LANGUAGE_STANDARD = "gnu++20";
				CLANG_ENABLE_MODULES = YES;
				CLANG_ENABLE_OBJC_ARC = YES;
				CLANG_ENABLE_OBJC_WEAK = YES;
				CLANG_WARN_BLOCK_CAPTURE_AUTORELEASING = YES;
				CLANG_WARN_BOOL_CONVERSION = YES;
				CLANG_WARN_COMMA = YES;
				CLANG_WARN_CONSTANT_CONVERSION = YES;
				CLANG_WARN_DEPRECATED_OBJC_IMPLEMENTATIONS = YES;
				CLANG_WARN_DIRECT_OBJC_ISA_USAGE = YES_ERROR;
				CLANG_WARN_DOCUMENTATION_COMMENTS = YES;
				CLANG_WARN_EMPTY_BODY = YES;
				CLANG_WARN_ENUM_CONVERSION = YES;
				CLANG_WARN_INFINITE_RECURSION = YES;
				CLANG_WARN_INT_CONVERSION = YES;
				CLANG_WARN_NON_LITERAL_NULL_CONVERSION = YES;
				CLANG_WARN_OBJC_IMPLICIT_RETAIN_SELF = YES;
				CLANG_WARN_OBJC_LITERAL_CONVERSION = YES;
				CLANG_WARN_OBJC_ROOT_CLASS = YES_ERROR;
				CLANG_WARN_QUOTED_INCLUDE_IN_FRAMEWORK_HEADER = YES;
				CLANG_WARN_RANGE_LOOP_ANALYSIS = YES;
				CLANG_WARN_STRICT_PROTOTYPES = YES;
				CLANG_WARN_SUSPICIOUS_MOVE = YES;
				CLANG_WARN_UNGUARDED_AVAILABILITY = YES_AGGRESSIVE;
				CLANG_WARN_UNREACHABLE_CODE = YES;
				CLANG_WARN__DUPLICATE_METHOD_MATCH = YES;
				COPY_PHASE_STRIP = NO;
				DEBUG_INFORMATION_FORMAT = "dwarf-with-dsym";
				ENABLE_NS_ASSERTIONS = NO;
				ENABLE_STRICT_OBJC_MSGSEND = YES;
				GCC_C_LANGUAGE_STANDARD = gnu11;
				GCC_NO_COMMON_BLOCKS = YES;
				GCC_WARN_64_TO_32_BIT_CONVERSION = YES;
				GCC_WARN_ABOUT_RETURN_TYPE = YES_ERROR;
				GCC_WARN_UNDECLARED_SELECTOR = YES;
				GCC_WARN_UNINITIALIZED_AUTOS = YES_AGGRESSIVE;
				GCC_WARN_UNUSED_FUNCTION = YES;
				GCC_WARN_UNUSED_VARIABLE = YES;
				IPHONEOS_DEPLOYMENT_TARGET = 16.2;
				MTL_ENABLE_DEBUG_INFO = NO;
				MTL_FAST_MATH = YES;
				SDKROOT = iphoneos;
				SWIFT_COMPILATION_MODE = wholemodule;
				SWIFT_OPTIMIZATION_LEVEL = "-O";
				VALIDATE_PRODUCT = YES;
			};
			name = Release;
		};
		06D84B1929CEC5F800634554 /* Debug */ = {
			isa = XCBuildConfiguration;
			buildSettings = {
				ASSETCATALOG_COMPILER_APPICON_NAME = AppIcon;
				ASSETCATALOG_COMPILER_GLOBAL_ACCENT_COLOR_NAME = AccentColor;
				CODE_SIGN_STYLE = Automatic;
				CURRENT_PROJECT_VERSION = 1;
				DEVELOPMENT_ASSET_PATHS = "\"PlanPerfect/Preview Content\"";
				ENABLE_PREVIEWS = YES;
				GENERATE_INFOPLIST_FILE = YES;
				INFOPLIST_KEY_UIApplicationSceneManifest_Generation = YES;
				INFOPLIST_KEY_UIApplicationSupportsIndirectInputEvents = YES;
				INFOPLIST_KEY_UILaunchScreen_Generation = YES;
				INFOPLIST_KEY_UISupportedInterfaceOrientations_iPad = "UIInterfaceOrientationPortrait UIInterfaceOrientationPortraitUpsideDown UIInterfaceOrientationLandscapeLeft UIInterfaceOrientationLandscapeRight";
				INFOPLIST_KEY_UISupportedInterfaceOrientations_iPhone = "UIInterfaceOrientationPortrait UIInterfaceOrientationLandscapeLeft UIInterfaceOrientationLandscapeRight";
				LD_RUNPATH_SEARCH_PATHS = (
					"$(inherited)",
					"@executable_path/Frameworks",
				);
				MARKETING_VERSION = 1.0;
				PRODUCT_BUNDLE_IDENTIFIER = ca.georgebrown.comp3097.PlanPerfect;
				PRODUCT_NAME = "$(TARGET_NAME)";
				SWIFT_EMIT_LOC_STRINGS = YES;
				SWIFT_VERSION = 5.0;
				TARGETED_DEVICE_FAMILY = "1,2";
			};
			name = Debug;
		};
		06D84B1A29CEC5F800634554 /* Release */ = {
			isa = XCBuildConfiguration;
			buildSettings = {
				ASSETCATALOG_COMPILER_APPICON_NAME = AppIcon;
				ASSETCATALOG_COMPILER_GLOBAL_ACCENT_COLOR_NAME = AccentColor;
				CODE_SIGN_STYLE = Automatic;
				CURRENT_PROJECT_VERSION = 1;
				DEVELOPMENT_ASSET_PATHS = "\"PlanPerfect/Preview Content\"";
				ENABLE_PREVIEWS = YES;
				GENERATE_INFOPLIST_FILE = YES;
				INFOPLIST_KEY_UIApplicationSceneManifest_Generation = YES;
				INFOPLIST_KEY_UIApplicationSupportsIndirectInputEvents = YES;
				INFOPLIST_KEY_UILaunchScreen_Generation = YES;
				INFOPLIST_KEY_UISupportedInterfaceOrientations_iPad = "UIInterfaceOrientationPortrait UIInterfaceOrientationPortraitUpsideDown UIInterfaceOrientationLandscapeLeft UIInterfaceOrientationLandscapeRight";
				INFOPLIST_KEY_UISupportedInterfaceOrientations_iPhone = "UIInterfaceOrientationPortrait UIInterfaceOrientationLandscapeLeft UIInterfaceOrientationLandscapeRight";
				LD_RUNPATH_SEARCH_PATHS = (
					"$(inherited)",
					"@executable_path/Frameworks",
				);
				MARKETING_VERSION = 1.0;
				PRODUCT_BUNDLE_IDENTIFIER = ca.georgebrown.comp3097.PlanPerfect;
				PRODUCT_NAME = "$(TARGET_NAME)";
				SWIFT_EMIT_LOC_STRINGS = YES;
				SWIFT_VERSION = 5.0;
				TARGETED_DEVICE_FAMILY = "1,2";
			};
			name = Release;
		};
/* End XCBuildConfiguration section */

/* Begin XCConfigurationList section */
		06D84B0029CEC5F600634554 /* Build configuration list for PBXProject "PlanPerfect" */ = {
			isa = XCConfigurationList;
			buildConfigurations = (
				06D84B1629CEC5F800634554 /* Debug */,
				06D84B1729CEC5F800634554 /* Release */,
			);
			defaultConfigurationIsVisible = 0;
			defaultConfigurationName = Release;
		};
		06D84B1829CEC5F800634554 /* Build configuration list for PBXNativeTarget "PlanPerfect" */ = {
			isa = XCConfigurationList;
			buildConfigurations = (
				06D84B1929CEC5F800634554 /* Debug */,
				06D84B1A29CEC5F800634554 /* Release */,
			);
			defaultConfigurationIsVisible = 0;
			defaultConfigurationName = Release;
		};
/* End XCConfigurationList section */

/* Begin XCVersionGroup section */
		06D84B1329CEC5F800634554 /* PlanPerfect.xcdatamodeld */ = {
			isa = XCVersionGroup;
			children = (
				06D84B1429CEC5F800634554 /* PlanPerfect.xcdatamodel */,
			);
			currentVersion = 06D84B1429CEC5F800634554 /* PlanPerfect.xcdatamodel */;
			path = PlanPerfect.xcdatamodeld;
			sourceTree = "<group>";
			versionGroupType = wrapper.xcdatamodel;
		};
/* End XCVersionGroup section */
	};
	rootObject = 06D84AFD29CEC5F600634554 /* Project object */;
}
